// !$*UTF8*$!
{
	archiveVersion = 1;
	classes = {
	};
	objectVersion = 50;
	objects = {

/* Begin PBXBuildFile section */
		F0495A312147372300494FDE /* AppDelegate.swift in Sources */ = {isa = PBXBuildFile; fileRef = F0495A302147372300494FDE /* AppDelegate.swift */; };
		F0495A332147372300494FDE /* ViewController.swift in Sources */ = {isa = PBXBuildFile; fileRef = F0495A322147372300494FDE /* ViewController.swift */; };
		F0495A362147372300494FDE /* Main.storyboard in Resources */ = {isa = PBXBuildFile; fileRef = F0495A342147372300494FDE /* Main.storyboard */; };
		F0495A382147372500494FDE /* Assets.xcassets in Resources */ = {isa = PBXBuildFile; fileRef = F0495A372147372500494FDE /* Assets.xcassets */; };
		F0495A3B2147372500494FDE /* LaunchScreen.storyboard in Resources */ = {isa = PBXBuildFile; fileRef = F0495A392147372500494FDE /* LaunchScreen.storyboard */; };
		F0495A462147372500494FDE /* Lab1_ShoppingCalculatorTests.swift in Sources */ = {isa = PBXBuildFile; fileRef = F0495A452147372500494FDE /* Lab1_ShoppingCalculatorTests.swift */; };
		F0495A512147372500494FDE /* Lab1_ShoppingCalculatorUITests.swift in Sources */ = {isa = PBXBuildFile; fileRef = F0495A502147372500494FDE /* Lab1_ShoppingCalculatorUITests.swift */; };
/* End PBXBuildFile section */

/* Begin PBXContainerItemProxy section */
		F0495A422147372500494FDE /* PBXContainerItemProxy */ = {
			isa = PBXContainerItemProxy;
			containerPortal = F0495A252147372300494FDE /* Project object */;
			proxyType = 1;
			remoteGlobalIDString = F0495A2C2147372300494FDE;
			remoteInfo = "Lab1-ShoppingCalculator";
		};
		F0495A4D2147372500494FDE /* PBXContainerItemProxy */ = {
			isa = PBXContainerItemProxy;
			containerPortal = F0495A252147372300494FDE /* Project object */;
			proxyType = 1;
			remoteGlobalIDString = F0495A2C2147372300494FDE;
			remoteInfo = "Lab1-ShoppingCalculator";
		};
/* End PBXContainerItemProxy section */

/* Begin PBXFileReference section */
		F0495A2D2147372300494FDE /* Lab1-ShoppingCalculator.app */ = {isa = PBXFileReference; explicitFileType = wrapper.application; includeInIndex = 0; path = "Lab1-ShoppingCalculator.app"; sourceTree = BUILT_PRODUCTS_DIR; };
		F0495A302147372300494FDE /* AppDelegate.swift */ = {isa = PBXFileReference; lastKnownFileType = sourcecode.swift; path = AppDelegate.swift; sourceTree = "<group>"; };
		F0495A322147372300494FDE /* ViewController.swift */ = {isa = PBXFileReference; lastKnownFileType = sourcecode.swift; path = ViewController.swift; sourceTree = "<group>"; };
		F0495A352147372300494FDE /* Base */ = {isa = PBXFileReference; lastKnownFileType = file.storyboard; name = Base; path = Base.lproj/Main.storyboard; sourceTree = "<group>"; };
		F0495A372147372500494FDE /* Assets.xcassets */ = {isa = PBXFileReference; lastKnownFileType = folder.assetcatalog; path = Assets.xcassets; sourceTree = "<group>"; };
		F0495A3A2147372500494FDE /* Base */ = {isa = PBXFileReference; lastKnownFileType = file.storyboard; name = Base; path = Base.lproj/LaunchScreen.storyboard; sourceTree = "<group>"; };
		F0495A3C2147372500494FDE /* Info.plist */ = {isa = PBXFileReference; lastKnownFileType = text.plist.xml; path = Info.plist; sourceTree = "<group>"; };
		F0495A412147372500494FDE /* Lab1-ShoppingCalculatorTests.xctest */ = {isa = PBXFileReference; explicitFileType = wrapper.cfbundle; includeInIndex = 0; path = "Lab1-ShoppingCalculatorTests.xctest"; sourceTree = BUILT_PRODUCTS_DIR; };
		F0495A452147372500494FDE /* Lab1_ShoppingCalculatorTests.swift */ = {isa = PBXFileReference; lastKnownFileType = sourcecode.swift; path = Lab1_ShoppingCalculatorTests.swift; sourceTree = "<group>"; };
		F0495A472147372500494FDE /* Info.plist */ = {isa = PBXFileReference; lastKnownFileType = text.plist.xml; path = Info.plist; sourceTree = "<group>"; };
		F0495A4C2147372500494FDE /* Lab1-ShoppingCalculatorUITests.xctest */ = {isa = PBXFileReference; explicitFileType = wrapper.cfbundle; includeInIndex = 0; path = "Lab1-ShoppingCalculatorUITests.xctest"; sourceTree = BUILT_PRODUCTS_DIR; };
		F0495A502147372500494FDE /* Lab1_ShoppingCalculatorUITests.swift */ = {isa = PBXFileReference; lastKnownFileType = sourcecode.swift; path = Lab1_ShoppingCalculatorUITests.swift; sourceTree = "<group>"; };
		F0495A522147372500494FDE /* Info.plist */ = {isa = PBXFileReference; lastKnownFileType = text.plist.xml; path = Info.plist; sourceTree = "<group>"; };
/* End PBXFileReference section */

/* Begin PBXFrameworksBuildPhase section */
		F0495A2A2147372300494FDE /* Frameworks */ = {
			isa = PBXFrameworksBuildPhase;
			buildActionMask = 2147483647;
			files = (
			);
			runOnlyForDeploymentPostprocessing = 0;
		};
		F0495A3E2147372500494FDE /* Frameworks */ = {
			isa = PBXFrameworksBuildPhase;
			buildActionMask = 2147483647;
			files = (
			);
			runOnlyForDeploymentPostprocessing = 0;
		};
		F0495A492147372500494FDE /* Frameworks */ = {
			isa = PBXFrameworksBuildPhase;
			buildActionMask = 2147483647;
			files = (
			);
			runOnlyForDeploymentPostprocessing = 0;
		};
/* End PBXFrameworksBuildPhase section */

/* Begin PBXGroup section */
		F0495A242147372300494FDE = {
			isa = PBXGroup;
			children = (
				F0495A2F2147372300494FDE /* Lab1-ShoppingCalculator */,
				F0495A442147372500494FDE /* Lab1-ShoppingCalculatorTests */,
				F0495A4F2147372500494FDE /* Lab1-ShoppingCalculatorUITests */,
				F0495A2E2147372300494FDE /* Products */,
			);
			sourceTree = "<group>";
		};
		F0495A2E2147372300494FDE /* Products */ = {
			isa = PBXGroup;
			children = (
				F0495A2D2147372300494FDE /* Lab1-ShoppingCalculator.app */,
				F0495A412147372500494FDE /* Lab1-ShoppingCalculatorTests.xctest */,
				F0495A4C2147372500494FDE /* Lab1-ShoppingCalculatorUITests.xctest */,
			);
			name = Products;
			sourceTree = "<group>";
		};
		F0495A2F2147372300494FDE /* Lab1-ShoppingCalculator */ = {
			isa = PBXGroup;
			children = (
				F0495A302147372300494FDE /* AppDelegate.swift */,
				F0495A322147372300494FDE /* ViewController.swift */,
				F0495A342147372300494FDE /* Main.storyboard */,
				F0495A372147372500494FDE /* Assets.xcassets */,
				F0495A392147372500494FDE /* LaunchScreen.storyboard */,
				F0495A3C2147372500494FDE /* Info.plist */,
			);
			path = "Lab1-ShoppingCalculator";
			sourceTree = "<group>";
		};
		F0495A442147372500494FDE /* Lab1-ShoppingCalculatorTests */ = {
			isa = PBXGroup;
			children = (
				F0495A452147372500494FDE /* Lab1_ShoppingCalculatorTests.swift */,
				F0495A472147372500494FDE /* Info.plist */,
			);
			path = "Lab1-ShoppingCalculatorTests";
			sourceTree = "<group>";
		};
		F0495A4F2147372500494FDE /* Lab1-ShoppingCalculatorUITests */ = {
			isa = PBXGroup;
			children = (
				F0495A502147372500494FDE /* Lab1_ShoppingCalculatorUITests.swift */,
				F0495A522147372500494FDE /* Info.plist */,
			);
			path = "Lab1-ShoppingCalculatorUITests";
			sourceTree = "<group>";
		};
/* End PBXGroup section */

/* Begin PBXNativeTarget section */
		F0495A2C2147372300494FDE /* Lab1-ShoppingCalculator */ = {
			isa = PBXNativeTarget;
			buildConfigurationList = F0495A552147372500494FDE /* Build configuration list for PBXNativeTarget "Lab1-ShoppingCalculator" */;
			buildPhases = (
				F0495A292147372300494FDE /* Sources */,
				F0495A2A2147372300494FDE /* Frameworks */,
				F0495A2B2147372300494FDE /* Resources */,
			);
			buildRules = (
			);
			dependencies = (
			);
			name = "Lab1-ShoppingCalculator";
			productName = "Lab1-ShoppingCalculator";
			productReference = F0495A2D2147372300494FDE /* Lab1-ShoppingCalculator.app */;
			productType = "com.apple.product-type.application";
		};
		F0495A402147372500494FDE /* Lab1-ShoppingCalculatorTests */ = {
			isa = PBXNativeTarget;
			buildConfigurationList = F0495A582147372500494FDE /* Build configuration list for PBXNativeTarget "Lab1-ShoppingCalculatorTests" */;
			buildPhases = (
				F0495A3D2147372500494FDE /* Sources */,
				F0495A3E2147372500494FDE /* Frameworks */,
				F0495A3F2147372500494FDE /* Resources */,
			);
			buildRules = (
			);
			dependencies = (
				F0495A432147372500494FDE /* PBXTargetDependency */,
			);
			name = "Lab1-ShoppingCalculatorTests";
			productName = "Lab1-ShoppingCalculatorTests";
			productReference = F0495A412147372500494FDE /* Lab1-ShoppingCalculatorTests.xctest */;
			productType = "com.apple.product-type.bundle.unit-test";
		};
		F0495A4B2147372500494FDE /* Lab1-ShoppingCalculatorUITests */ = {
			isa = PBXNativeTarget;
			buildConfigurationList = F0495A5B2147372500494FDE /* Build configuration list for PBXNativeTarget "Lab1-ShoppingCalculatorUITests" */;
			buildPhases = (
				F0495A482147372500494FDE /* Sources */,
				F0495A492147372500494FDE /* Frameworks */,
				F0495A4A2147372500494FDE /* Resources */,
			);
			buildRules = (
			);
			dependencies = (
				F0495A4E2147372500494FDE /* PBXTargetDependency */,
			);
			name = "Lab1-ShoppingCalculatorUITests";
			productName = "Lab1-ShoppingCalculatorUITests";
			productReference = F0495A4C2147372500494FDE /* Lab1-ShoppingCalculatorUITests.xctest */;
			productType = "com.apple.product-type.bundle.ui-testing";
		};
/* End PBXNativeTarget section */

/* Begin PBXProject section */
		F0495A252147372300494FDE /* Project object */ = {
			isa = PBXProject;
			attributes = {
				LastSwiftUpdateCheck = 0940;
				LastUpgradeCheck = 0940;
				ORGANIZATIONNAME = "Hakkyung Lee";
				TargetAttributes = {
					F0495A2C2147372300494FDE = {
						CreatedOnToolsVersion = 9.4;
					};
					F0495A402147372500494FDE = {
						CreatedOnToolsVersion = 9.4;
						TestTargetID = F0495A2C2147372300494FDE;
					};
					F0495A4B2147372500494FDE = {
						CreatedOnToolsVersion = 9.4;
						TestTargetID = F0495A2C2147372300494FDE;
					};
				};
			};
			buildConfigurationList = F0495A282147372300494FDE /* Build configuration list for PBXProject "Lab1-ShoppingCalculator" */;
			compatibilityVersion = "Xcode 9.3";
			developmentRegion = en;
			hasScannedForEncodings = 0;
			knownRegions = (
				en,
				Base,
			);
			mainGroup = F0495A242147372300494FDE;
			productRefGroup = F0495A2E2147372300494FDE /* Products */;
			projectDirPath = "";
			projectRoot = "";
			targets = (
				F0495A2C2147372300494FDE /* Lab1-ShoppingCalculator */,
				F0495A402147372500494FDE /* Lab1-ShoppingCalculatorTests */,
				F0495A4B2147372500494FDE /* Lab1-ShoppingCalculatorUITests */,
			);
		};
/* End PBXProject section */

/* Begin PBXResourcesBuildPhase section */
		F0495A2B2147372300494FDE /* Resources */ = {
			isa = PBXResourcesBuildPhase;
			buildActionMask = 2147483647;
			files = (
				F0495A3B2147372500494FDE /* LaunchScreen.storyboard in Resources */,
				F0495A382147372500494FDE /* Assets.xcassets in Resources */,
				F0495A362147372300494FDE /* Main.storyboard in Resources */,
			);
			runOnlyForDeploymentPostprocessing = 0;
		};
		F0495A3F2147372500494FDE /* Resources */ = {
			isa = PBXResourcesBuildPhase;
			buildActionMask = 2147483647;
			files = (
			);
			runOnlyForDeploymentPostprocessing = 0;
		};
		F0495A4A2147372500494FDE /* Resources */ = {
			isa = PBXResourcesBuildPhase;
			buildActionMask = 2147483647;
			files = (
			);
			runOnlyForDeploymentPostprocessing = 0;
		};
/* End PBXResourcesBuildPhase section */

/* Begin PBXSourcesBuildPhase section */
		F0495A292147372300494FDE /* Sources */ = {
			isa = PBXSourcesBuildPhase;
			buildActionMask = 2147483647;
			files = (
				F0495A332147372300494FDE /* ViewController.swift in Sources */,
				F0495A312147372300494FDE /* AppDelegate.swift in Sources */,
			);
			runOnlyForDeploymentPostprocessing = 0;
		};
		F0495A3D2147372500494FDE /* Sources */ = {
			isa = PBXSourcesBuildPhase;
			buildActionMask = 2147483647;
			files = (
				F0495A462147372500494FDE /* Lab1_ShoppingCalculatorTests.swift in Sources */,
			);
			runOnlyForDeploymentPostprocessing = 0;
		};
		F0495A482147372500494FDE /* Sources */ = {
			isa = PBXSourcesBuildPhase;
			buildActionMask = 2147483647;
			files = (
				F0495A512147372500494FDE /* Lab1_ShoppingCalculatorUITests.swift in Sources */,
			);
			runOnlyForDeploymentPostprocessing = 0;
		};
/* End PBXSourcesBuildPhase section */

/* Begin PBXTargetDependency section */
		F0495A432147372500494FDE /* PBXTargetDependency */ = {
			isa = PBXTargetDependency;
			target = F0495A2C2147372300494FDE /* Lab1-ShoppingCalculator */;
			targetProxy = F0495A422147372500494FDE /* PBXContainerItemProxy */;
		};
		F0495A4E2147372500494FDE /* PBXTargetDependency */ = {
			isa = PBXTargetDependency;
			target = F0495A2C2147372300494FDE /* Lab1-ShoppingCalculator */;
			targetProxy = F0495A4D2147372500494FDE /* PBXContainerItemProxy */;
		};
/* End PBXTargetDependency section */

/* Begin PBXVariantGroup section */
		F0495A342147372300494FDE /* Main.storyboard */ = {
			isa = PBXVariantGroup;
			children = (
				F0495A352147372300494FDE /* Base */,
			);
			name = Main.storyboard;
			sourceTree = "<group>";
		};
		F0495A392147372500494FDE /* LaunchScreen.storyboard */ = {
			isa = PBXVariantGroup;
			children = (
				F0495A3A2147372500494FDE /* Base */,
			);
			name = LaunchScreen.storyboard;
			sourceTree = "<group>";
		};
/* End PBXVariantGroup section */

/* Begin XCBuildConfiguration section */
		F0495A532147372500494FDE /* Debug */ = {
			isa = XCBuildConfiguration;
			buildSettings = {
				ALWAYS_SEARCH_USER_PATHS = NO;
				CLANG_ANALYZER_NONNULL = YES;
				CLANG_ANALYZER_NUMBER_OBJECT_CONVERSION = YES_AGGRESSIVE;
				CLANG_CXX_LANGUAGE_STANDARD = "gnu++14";
				CLANG_CXX_LIBRARY = "libc++";
				CLANG_ENABLE_MODULES = YES;
				CLANG_ENABLE_OBJC_ARC = YES;
				CLANG_ENABLE_OBJC_WEAK = YES;
				CLANG_WARN_BLOCK_CAPTURE_AUTORELEASING = YES;
				CLANG_WARN_BOOL_CONVERSION = YES;
				CLANG_WARN_COMMA = YES;
				CLANG_WARN_CONSTANT_CONVERSION = YES;
				CLANG_WARN_DEPRECATED_OBJC_IMPLEMENTATIONS = YES;
				CLANG_WARN_DIRECT_OBJC_ISA_USAGE = YES_ERROR;
				CLANG_WARN_DOCUMENTATION_COMMENTS = YES;
				CLANG_WARN_EMPTY_BODY = YES;
				CLANG_WARN_ENUM_CONVERSION = YES;
				CLANG_WARN_INFINITE_RECURSION = YES;
				CLANG_WARN_INT_CONVERSION = YES;
				CLANG_WARN_NON_LITERAL_NULL_CONVERSION = YES;
				CLANG_WARN_OBJC_IMPLICIT_RETAIN_SELF = YES;
				CLANG_WARN_OBJC_LITERAL_CONVERSION = YES;
				CLANG_WARN_OBJC_ROOT_CLASS = YES_ERROR;
				CLANG_WARN_RANGE_LOOP_ANALYSIS = YES;
				CLANG_WARN_STRICT_PROTOTYPES = YES;
				CLANG_WARN_SUSPICIOUS_MOVE = YES;
				CLANG_WARN_UNGUARDED_AVAILABILITY = YES_AGGRESSIVE;
				CLANG_WARN_UNREACHABLE_CODE = YES;
				CLANG_WARN__DUPLICATE_METHOD_MATCH = YES;
				CODE_SIGN_IDENTITY = "iPhone Developer";
				COPY_PHASE_STRIP = NO;
				DEBUG_INFORMATION_FORMAT = dwarf;
				ENABLE_STRICT_OBJC_MSGSEND = YES;
				ENABLE_TESTABILITY = YES;
				GCC_C_LANGUAGE_STANDARD = gnu11;
				GCC_DYNAMIC_NO_PIC = NO;
				GCC_NO_COMMON_BLOCKS = YES;
				GCC_OPTIMIZATION_LEVEL = 0;
				GCC_PREPROCESSOR_DEFINITIONS = (
					"DEBUG=1",
					"$(inherited)",
				);
				GCC_WARN_64_TO_32_BIT_CONVERSION = YES;
				GCC_WARN_ABOUT_RETURN_TYPE = YES_ERROR;
				GCC_WARN_UNDECLARED_SELECTOR = YES;
				GCC_WARN_UNINITIALIZED_AUTOS = YES_AGGRESSIVE;
				GCC_WARN_UNUSED_FUNCTION = YES;
				GCC_WARN_UNUSED_VARIABLE = YES;
				IPHONEOS_DEPLOYMENT_TARGET = 11.4;
				MTL_ENABLE_DEBUG_INFO = YES;
				ONLY_ACTIVE_ARCH = YES;
				SDKROOT = iphoneos;
				SWIFT_ACTIVE_COMPILATION_CONDITIONS = DEBUG;
				SWIFT_OPTIMIZATION_LEVEL = "-Onone";
			};
			name = Debug;
		};
		F0495A542147372500494FDE /* Release */ = {
			isa = XCBuildConfiguration;
			buildSettings = {
				ALWAYS_SEARCH_USER_PATHS = NO;
				CLANG_ANALYZER_NONNULL = YES;
				CLANG_ANALYZER_NUMBER_OBJECT_CONVERSION = YES_AGGRESSIVE;
				CLANG_CXX_LANGUAGE_STANDARD = "gnu++14";
				CLANG_CXX_LIBRARY = "libc++";
				CLANG_ENABLE_MODULES = YES;
				CLANG_ENABLE_OBJC_ARC = YES;
				CLANG_ENABLE_OBJC_WEAK = YES;
				CLANG_WARN_BLOCK_CAPTURE_AUTORELEASING = YES;
				CLANG_WARN_BOOL_CONVERSION = YES;
				CLANG_WARN_COMMA = YES;
				CLANG_WARN_CONSTANT_CONVERSION = YES;
				CLANG_WARN_DEPRECATED_OBJC_IMPLEMENTATIONS = YES;
				CLANG_WARN_DIRECT_OBJC_ISA_USAGE = YES_ERROR;
				CLANG_WARN_DOCUMENTATION_COMMENTS = YES;
				CLANG_WARN_EMPTY_BODY = YES;
				CLANG_WARN_ENUM_CONVERSION = YES;
				CLANG_WARN_INFINITE_RECURSION = YES;
				CLANG_WARN_INT_CONVERSION = YES;
				CLANG_WARN_NON_LITERAL_NULL_CONVERSION = YES;
				CLANG_WARN_OBJC_IMPLICIT_RETAIN_SELF = YES;
				CLANG_WARN_OBJC_LITERAL_CONVERSION = YES;
				CLANG_WARN_OBJC_ROOT_CLASS = YES_ERROR;
				CLANG_WARN_RANGE_LOOP_ANALYSIS = YES;
				CLANG_WARN_STRICT_PROTOTYPES = YES;
				CLANG_WARN_SUSPICIOUS_MOVE = YES;
				CLANG_WARN_UNGUARDED_AVAILABILITY = YES_AGGRESSIVE;
				CLANG_WARN_UNREACHABLE_CODE = YES;
				CLANG_WARN__DUPLICATE_METHOD_MATCH = YES;
				CODE_SIGN_IDENTITY = "iPhone Developer";
				COPY_PHASE_STRIP = NO;
				DEBUG_INFORMATION_FORMAT = "dwarf-with-dsym";
				ENABLE_NS_ASSERTIONS = NO;
				ENABLE_STRICT_OBJC_MSGSEND = YES;
				GCC_C_LANGUAGE_STANDARD = gnu11;
				GCC_NO_COMMON_BLOCKS = YES;
				GCC_WARN_64_TO_32_BIT_CONVERSION = YES;
				GCC_WARN_ABOUT_RETURN_TYPE = YES_ERROR;
				GCC_WARN_UNDECLARED_SELECTOR = YES;
				GCC_WARN_UNINITIALIZED_AUTOS = YES_AGGRESSIVE;
				GCC_WARN_UNUSED_FUNCTION = YES;
				GCC_WARN_UNUSED_VARIABLE = YES;
				IPHONEOS_DEPLOYMENT_TARGET = 11.4;
				MTL_ENABLE_DEBUG_INFO = NO;
				SDKROOT = iphoneos;
				SWIFT_COMPILATION_MODE = wholemodule;
				SWIFT_OPTIMIZATION_LEVEL = "-O";
				VALIDATE_PRODUCT = YES;
			};
			name = Release;
		};
		F0495A562147372500494FDE /* Debug */ = {
			isa = XCBuildConfiguration;
			buildSettings = {
				ASSETCATALOG_COMPILER_APPICON_NAME = AppIcon;
				CODE_SIGN_STYLE = Automatic;
				DEVELOPMENT_TEAM = 948MD57764;
				INFOPLIST_FILE = "Lab1-ShoppingCalculator/Info.plist";
				LD_RUNPATH_SEARCH_PATHS = (
					"$(inherited)",
					"@executable_path/Frameworks",
				);
				PRODUCT_BUNDLE_IDENTIFIER = "cse438.Lab1-ShoppingCalculator";
				PRODUCT_NAME = "$(TARGET_NAME)";
				SWIFT_VERSION = 4.0;
				TARGETED_DEVICE_FAMILY = "1,2";
			};
			name = Debug;
		};
		F0495A572147372500494FDE /* Release */ = {
			isa = XCBuildConfiguration;
			buildSettings = {
				ASSETCATALOG_COMPILER_APPICON_NAME = AppIcon;
				CODE_SIGN_STYLE = Automatic;
				DEVELOPMENT_TEAM = 948MD57764;
				INFOPLIST_FILE = "Lab1-ShoppingCalculator/Info.plist";
				LD_RUNPATH_SEARCH_PATHS = (
					"$(inherited)",
					"@executable_path/Frameworks",
				);
				PRODUCT_BUNDLE_IDENTIFIER = "cse438.Lab1-ShoppingCalculator";
				PRODUCT_NAME = "$(TARGET_NAME)";
				SWIFT_VERSION = 4.0;
				TARGETED_DEVICE_FAMILY = "1,2";
			};
			name = Release;
		};
		F0495A592147372500494FDE /* Debug */ = {
			isa = XCBuildConfiguration;
			buildSettings = {
				ALWAYS_EMBED_SWIFT_STANDARD_LIBRARIES = YES;
				BUNDLE_LOADER = "$(TEST_HOST)";
				CODE_SIGN_STYLE = Automatic;
				DEVELOPMENT_TEAM = 948MD57764;
				INFOPLIST_FILE = "Lab1-ShoppingCalculatorTests/Info.plist";
				LD_RUNPATH_SEARCH_PATHS = (
					"$(inherited)",
					"@executable_path/Frameworks",
					"@loader_path/Frameworks",
				);
				PRODUCT_BUNDLE_IDENTIFIER = "cse438.Lab1-ShoppingCalculatorTests";
				PRODUCT_NAME = "$(TARGET_NAME)";
				SWIFT_VERSION = 4.0;
				TARGETED_DEVICE_FAMILY = "1,2";
				TEST_HOST = "$(BUILT_PRODUCTS_DIR)/Lab1-ShoppingCalculator.app/Lab1-ShoppingCalculator";
			};
			name = Debug;
		};
		F0495A5A2147372500494FDE /* Release */ = {
			isa = XCBuildConfiguration;
			buildSettings = {
				ALWAYS_EMBED_SWIFT_STANDARD_LIBRARIES = YES;
				BUNDLE_LOADER = "$(TEST_HOST)";
				CODE_SIGN_STYLE = Automatic;
				DEVELOPMENT_TEAM = 948MD57764;
				INFOPLIST_FILE = "Lab1-ShoppingCalculatorTests/Info.plist";
				LD_RUNPATH_SEARCH_PATHS = (
					"$(inherited)",
					"@executable_path/Frameworks",
					"@loader_path/Frameworks",
				);
				PRODUCT_BUNDLE_IDENTIFIER = "cse438.Lab1-ShoppingCalculatorTests";
				PRODUCT_NAME = "$(TARGET_NAME)";
				SWIFT_VERSION = 4.0;
				TARGETED_DEVICE_FAMILY = "1,2";
				TEST_HOST = "$(BUILT_PRODUCTS_DIR)/Lab1-ShoppingCalculator.app/Lab1-ShoppingCalculator";
			};
			name = Release;
		};
		F0495A5C2147372500494FDE /* Debug */ = {
			isa = XCBuildConfiguration;
			buildSettings = {
				ALWAYS_EMBED_SWIFT_STANDARD_LIBRARIES = YES;
				CODE_SIGN_STYLE = Automatic;
				DEVELOPMENT_TEAM = 948MD57764;
				INFOPLIST_FILE = "Lab1-ShoppingCalculatorUITests/Info.plist";
				LD_RUNPATH_SEARCH_PATHS = (
					"$(inherited)",
					"@executable_path/Frameworks",
					"@loader_path/Frameworks",
				);
				PRODUCT_BUNDLE_IDENTIFIER = "cse438.Lab1-ShoppingCalculatorUITests";
				PRODUCT_NAME = "$(TARGET_NAME)";
				SWIFT_VERSION = 4.0;
				TARGETED_DEVICE_FAMILY = "1,2";
				TEST_TARGET_NAME = "Lab1-ShoppingCalculator";
			};
			name = Debug;
		};
		F0495A5D2147372500494FDE /* Release */ = {
			isa = XCBuildConfiguration;
			buildSettings = {
				ALWAYS_EMBED_SWIFT_STANDARD_LIBRARIES = YES;
				CODE_SIGN_STYLE = Automatic;
				DEVELOPMENT_TEAM = 948MD57764;
				INFOPLIST_FILE = "Lab1-ShoppingCalculatorUITests/Info.plist";
				LD_RUNPATH_SEARCH_PATHS = (
					"$(inherited)",
					"@executable_path/Frameworks",
					"@loader_path/Frameworks",
				);
				PRODUCT_BUNDLE_IDENTIFIER = "cse438.Lab1-ShoppingCalculatorUITests";
				PRODUCT_NAME = "$(TARGET_NAME)";
				SWIFT_VERSION = 4.0;
				TARGETED_DEVICE_FAMILY = "1,2";
				TEST_TARGET_NAME = "Lab1-ShoppingCalculator";
			};
			name = Release;
		};
/* End XCBuildConfiguration section */

/* Begin XCConfigurationList section */
		F0495A282147372300494FDE /* Build configuration list for PBXProject "Lab1-ShoppingCalculator" */ = {
			isa = XCConfigurationList;
			buildConfigurations = (
				F0495A532147372500494FDE /* Debug */,
				F0495A542147372500494FDE /* Release */,
			);
			defaultConfigurationIsVisible = 0;
			defaultConfigurationName = Release;
		};
		F0495A552147372500494FDE /* Build configuration list for PBXNativeTarget "Lab1-ShoppingCalculator" */ = {
			isa = XCConfigurationList;
			buildConfigurations = (
				F0495A562147372500494FDE /* Debug */,
				F0495A572147372500494FDE /* Release */,
			);
			defaultConfigurationIsVisible = 0;
			defaultConfigurationName = Release;
		};
		F0495A582147372500494FDE /* Build configuration list for PBXNativeTarget "Lab1-ShoppingCalculatorTests" */ = {
			isa = XCConfigurationList;
			buildConfigurations = (
				F0495A592147372500494FDE /* Debug */,
				F0495A5A2147372500494FDE /* Release */,
			);
			defaultConfigurationIsVisible = 0;
			defaultConfigurationName = Release;
		};
		F0495A5B2147372500494FDE /* Build configuration list for PBXNativeTarget "Lab1-ShoppingCalculatorUITests" */ = {
			isa = XCConfigurationList;
			buildConfigurations = (
				F0495A5C2147372500494FDE /* Debug */,
				F0495A5D2147372500494FDE /* Release */,
			);
			defaultConfigurationIsVisible = 0;
			defaultConfigurationName = Release;
		};
/* End XCConfigurationList section */
	};
	rootObject = F0495A252147372300494FDE /* Project object */;
}
